
Microsoft Visual Studio Solution File, Format Version 12.00
# Visual Studio Version 17
VisualStudioVersion = 17.14.36401.2
MinimumVisualStudioVersion = 10.0.40219.1
Project("{FAE04EC0-301F-11D3-BF4B-00C04F79EFBC}") = "MyTasks", "MyTasks.csproj", "{486FEE2D-367B-43DF-8B68-E21CB1B8D058}"
EndProject
Project("{FAE04EC0-301F-11D3-BF4B-00C04F79EFBC}") = "MyTasks.Models", "..\MyTasks.Models\MyTasks.Models.csproj", "{30211195-081F-4041-B55F-6061E684238B}"
EndProject
Project("{FAE04EC0-301F-11D3-BF4B-00C04F79EFBC}") = "MyTasks.DbOperations", "..\MyTasks.DbOperations\MyTasks.DbOperations.csproj", "{5C614FCF-AD47-4430-86EA-94F3EDC18E6D}"
EndProject
Project("{FAE04EC0-301F-11D3-BF4B-00C04F79EFBC}") = "MyTasks.Repositories", "..\MyTasks.Repositories\MyTasks.Repositories.csproj", "{84E9608F-7D73-4C87-8AFF-3435EA3652ED}"
EndProject
Project("{FAE04EC0-301F-11D3-BF4B-00C04F79EFBC}") = "MyTasks.Tests", "..\MyTasks.Tests\MyTasks.Tests.csproj", "{FC389C3A-97D8-4EBF-80BC-B86BB2F98D54}"
EndProject
Project("{FAE04EC0-301F-11D3-BF4B-00C04F79EFBC}") = "MyTasks.Common", "..\MyTasks.Common\MyTasks.Common.csproj", "{914C69F9-B165-4A8E-8330-6DDEBC492006}"
EndProject
Project("{FAE04EC0-301F-11D3-BF4B-00C04F79EFBC}") = "MyTasks.API", "..\MyTasks.API\MyTasks.API.csproj", "{379EF107-12BB-45DB-9A85-B42A2B91E17C}"
EndProject
Project("{FAE04EC0-301F-11D3-BF4B-00C04F79EFBC}") = "MyTasks.Functions", "..\MyTasks.Functions\MyTasks.Functions.csproj", "{C43E616D-8626-467C-846D-513046D36F11}"
EndProject
Global
	GlobalSection(SolutionConfigurationPlatforms) = preSolution
		Debug|Any CPU = Debug|Any CPU
		Release|Any CPU = Release|Any CPU
	EndGlobalSection
	GlobalSection(ProjectConfigurationPlatforms) = postSolution
		{486FEE2D-367B-43DF-8B68-E21CB1B8D058}.Debug|Any CPU.ActiveCfg = Debug|Any CPU
		{486FEE2D-367B-43DF-8B68-E21CB1B8D058}.Debug|Any CPU.Build.0 = Debug|Any CPU
		{486FEE2D-367B-43DF-8B68-E21CB1B8D058}.Release|Any CPU.ActiveCfg = Release|Any CPU
		{486FEE2D-367B-43DF-8B68-E21CB1B8D058}.Release|Any CPU.Build.0 = Release|Any CPU
		{30211195-081F-4041-B55F-6061E684238B}.Debug|Any CPU.ActiveCfg = Debug|Any CPU
		{30211195-081F-4041-B55F-6061E684238B}.Debug|Any CPU.Build.0 = Debug|Any CPU
		{30211195-081F-4041-B55F-6061E684238B}.Release|Any CPU.ActiveCfg = Release|Any CPU
		{30211195-081F-4041-B55F-6061E684238B}.Release|Any CPU.Build.0 = Release|Any CPU
		{5C614FCF-AD47-4430-86EA-94F3EDC18E6D}.Debug|Any CPU.ActiveCfg = Debug|Any CPU
		{5C614FCF-AD47-4430-86EA-94F3EDC18E6D}.Debug|Any CPU.Build.0 = Debug|Any CPU
		{5C614FCF-AD47-4430-86EA-94F3EDC18E6D}.Release|Any CPU.ActiveCfg = Release|Any CPU
		{5C614FCF-AD47-4430-86EA-94F3EDC18E6D}.Release|Any CPU.Build.0 = Release|Any CPU
		{84E9608F-7D73-4C87-8AFF-3435EA3652ED}.Debug|Any CPU.ActiveCfg = Debug|Any CPU
		{84E9608F-7D73-4C87-8AFF-3435EA3652ED}.Debug|Any CPU.Build.0 = Debug|Any CPU
		{84E9608F-7D73-4C87-8AFF-3435EA3652ED}.Release|Any CPU.ActiveCfg = Release|Any CPU
		{84E9608F-7D73-4C87-8AFF-3435EA3652ED}.Release|Any CPU.Build.0 = Release|Any CPU
		{FC389C3A-97D8-4EBF-80BC-B86BB2F98D54}.Debug|Any CPU.ActiveCfg = Debug|Any CPU
		{FC389C3A-97D8-4EBF-80BC-B86BB2F98D54}.Debug|Any CPU.Build.0 = Debug|Any CPU
		{FC389C3A-97D8-4EBF-80BC-B86BB2F98D54}.Release|Any CPU.ActiveCfg = Release|Any CPU
		{FC389C3A-97D8-4EBF-80BC-B86BB2F98D54}.Release|Any CPU.Build.0 = Release|Any CPU
		{914C69F9-B165-4A8E-8330-6DDEBC492006}.Debug|Any CPU.ActiveCfg = Debug|Any CPU
		{914C69F9-B165-4A8E-8330-6DDEBC492006}.Debug|Any CPU.Build.0 = Debug|Any CPU
		{914C69F9-B165-4A8E-8330-6DDEBC492006}.Release|Any CPU.ActiveCfg = Release|Any CPU
		{914C69F9-B165-4A8E-8330-6DDEBC492006}.Release|Any CPU.Build.0 = Release|Any CPU
		{379EF107-12BB-45DB-9A85-B42A2B91E17C}.Debug|Any CPU.ActiveCfg = Debug|Any CPU
		{379EF107-12BB-45DB-9A85-B42A2B91E17C}.Debug|Any CPU.Build.0 = Debug|Any CPU
		{379EF107-12BB-45DB-9A85-B42A2B91E17C}.Release|Any CPU.ActiveCfg = Release|Any CPU
		{379EF107-12BB-45DB-9A85-B42A2B91E17C}.Release|Any CPU.Build.0 = Release|Any CPU
		{C43E616D-8626-467C-846D-513046D36F11}.Debug|Any CPU.ActiveCfg = Debug|Any CPU
		{C43E616D-8626-467C-846D-513046D36F11}.Debug|Any CPU.Build.0 = Debug|Any CPU
		{C43E616D-8626-467C-846D-513046D36F11}.Release|Any CPU.ActiveCfg = Release|Any CPU
		{C43E616D-8626-467C-846D-513046D36F11}.Release|Any CPU.Build.0 = Release|Any CPU
	EndGlobalSection
	GlobalSection(SolutionProperties) = preSolution
		HideSolutionNode = FALSE
	EndGlobalSection
	GlobalSection(ExtensibilityGlobals) = postSolution
		SolutionGuid = {2E253E04-4904-4DDC-9E58-1484D329A724}
	EndGlobalSection
EndGlobal
