
Microsoft Visual Studio Solution File, Format Version 12.00
# Visual Studio Version 17
VisualStudioVersion = 17.14.36401.2
MinimumVisualStudioVersion = 10.0.40219.1
Project("{FAE04EC0-301F-11D3-BF4B-00C04F79EFBC}") = "MyTasks", "MyTasks.csproj", "{486FEE2D-367B-43DF-8B68-E21CB1B8D058}"
EndProject
Project("{FAE04EC0-301F-11D3-BF4B-00C04F79EFBC}") = "MyTasks.Models", "..\MyTasks.Models\MyTasks.Models.csproj", "{30211195-081F-4041-B55F-6061E684238B}"
EndProject
Project("{FAE04EC0-301F-11D3-BF4B-00C04F79EFBC}") = "MyTasks.DbOperations", "..\MyTasks.DbOperations\MyTasks.DbOperations.csproj", "{5C614FCF-AD47-4430-86EA-94F3EDC18E6D}"
EndProject
Global
	GlobalSection(SolutionConfigurationPlatforms) = preSolution
		Debug|Any CPU = Debug|Any CPU
		Release|Any CPU = Release|Any CPU
	EndGlobalSection
	GlobalSection(ProjectConfigurationPlatforms) = postSolution
		{486FEE2D-367B-43DF-8B68-E21CB1B8D058}.Debug|Any CPU.ActiveCfg = Debug|Any CPU
		{486FEE2D-367B-43DF-8B68-E21CB1B8D058}.Debug|Any CPU.Build.0 = Debug|Any CPU
		{486FEE2D-367B-43DF-8B68-E21CB1B8D058}.Release|Any CPU.ActiveCfg = Release|Any CPU
		{486FEE2D-367B-43DF-8B68-E21CB1B8D058}.Release|Any CPU.Build.0 = Release|Any CPU
		{30211195-081F-4041-B55F-6061E684238B}.Debug|Any CPU.ActiveCfg = Debug|Any CPU
		{30211195-081F-4041-B55F-6061E684238B}.Debug|Any CPU.Build.0 = Debug|Any CPU
		{30211195-081F-4041-B55F-6061E684238B}.Release|Any CPU.ActiveCfg = Release|Any CPU
		{30211195-081F-4041-B55F-6061E684238B}.Release|Any CPU.Build.0 = Release|Any CPU
		{5C614FCF-AD47-4430-86EA-94F3EDC18E6D}.Debug|Any CPU.ActiveCfg = Debug|Any CPU
		{5C614FCF-AD47-4430-86EA-94F3EDC18E6D}.Debug|Any CPU.Build.0 = Debug|Any CPU
		{5C614FCF-AD47-4430-86EA-94F3EDC18E6D}.Release|Any CPU.ActiveCfg = Release|Any CPU
		{5C614FCF-AD47-4430-86EA-94F3EDC18E6D}.Release|Any CPU.Build.0 = Release|Any CPU
	EndGlobalSection
	GlobalSection(SolutionProperties) = preSolution
		HideSolutionNode = FALSE
	EndGlobalSection
	GlobalSection(ExtensibilityGlobals) = postSolution
		SolutionGuid = {2E253E04-4904-4DDC-9E58-1484D329A724}
	EndGlobalSection
EndGlobal
